// !$*UTF8*$!
{
	archiveVersion = 1;
	classes = {
	};
	objectVersion = 56;
	objects = {

/* Begin PBXBuildFile section */
		AA07FAC229598806008278DE /* AppDelegate.swift in Sources */ = {isa = PBXBuildFile; fileRef = AA07FAC129598806008278DE /* AppDelegate.swift */; };
		AA07FAC429598806008278DE /* SceneDelegate.swift in Sources */ = {isa = PBXBuildFile; fileRef = AA07FAC329598806008278DE /* SceneDelegate.swift */; };
		AA07FAC629598806008278DE /* RMTabBarController.swift in Sources */ = {isa = PBXBuildFile; fileRef = AA07FAC529598806008278DE /* RMTabBarController.swift */; };
		AA07FACC29598806008278DE /* RickAndMorty.xcdatamodeld in Sources */ = {isa = PBXBuildFile; fileRef = AA07FACA29598806008278DE /* RickAndMorty.xcdatamodeld */; };
		AA07FACE29598808008278DE /* Assets.xcassets in Resources */ = {isa = PBXBuildFile; fileRef = AA07FACD29598808008278DE /* Assets.xcassets */; };
		AA07FAD129598808008278DE /* LaunchScreen.storyboard in Resources */ = {isa = PBXBuildFile; fileRef = AA07FACF29598808008278DE /* LaunchScreen.storyboard */; };
		AA07FAE02959A188008278DE /* RMLocation.swift in Sources */ = {isa = PBXBuildFile; fileRef = AA07FADF2959A188008278DE /* RMLocation.swift */; };
		AA07FAE22959A1B0008278DE /* RMEpisode.swift in Sources */ = {isa = PBXBuildFile; fileRef = AA07FAE12959A1B0008278DE /* RMEpisode.swift */; };
		AA07FAE42959A1C9008278DE /* RMCharacter.swift in Sources */ = {isa = PBXBuildFile; fileRef = AA07FAE32959A1C9008278DE /* RMCharacter.swift */; };
		AA07FAE62959A2B3008278DE /* RMCharacterViewController.swift in Sources */ = {isa = PBXBuildFile; fileRef = AA07FAE52959A2B3008278DE /* RMCharacterViewController.swift */; };
		AA07FAE82959A2E8008278DE /* RMLocationViewController.swift in Sources */ = {isa = PBXBuildFile; fileRef = AA07FAE72959A2E8008278DE /* RMLocationViewController.swift */; };
		AA07FAEA2959A2F9008278DE /* RMEpisodeViewController.swift in Sources */ = {isa = PBXBuildFile; fileRef = AA07FAE92959A2F9008278DE /* RMEpisodeViewController.swift */; };
		AA07FAEC2959A317008278DE /* RMSettingsViewController.swift in Sources */ = {isa = PBXBuildFile; fileRef = AA07FAEB2959A317008278DE /* RMSettingsViewController.swift */; };
		AA07FAEE295A21DB008278DE /* RMService.swift in Sources */ = {isa = PBXBuildFile; fileRef = AA07FAED295A21DB008278DE /* RMService.swift */; };
		AA07FAF0295A2203008278DE /* RMRequest.swift in Sources */ = {isa = PBXBuildFile; fileRef = AA07FAEF295A2203008278DE /* RMRequest.swift */; };
		AA07FAF2295A2358008278DE /* RMEndpoint.swift in Sources */ = {isa = PBXBuildFile; fileRef = AA07FAF1295A2358008278DE /* RMEndpoint.swift */; };
		AA8CCBE6295C12C40056CAC1 /* RMOrigin.swift in Sources */ = {isa = PBXBuildFile; fileRef = AA8CCBE5295C12C40056CAC1 /* RMOrigin.swift */; };
		AA8CCBE8295C143C0056CAC1 /* RMSingleLocation.swift in Sources */ = {isa = PBXBuildFile; fileRef = AA8CCBE7295C143C0056CAC1 /* RMSingleLocation.swift */; };
		AA8CCBEA295C16A10056CAC1 /* RMCharacterStatus.swift in Sources */ = {isa = PBXBuildFile; fileRef = AA8CCBE9295C16A10056CAC1 /* RMCharacterStatus.swift */; };
		AA8CCBEC295C1E010056CAC1 /* RMCharacterGender.swift in Sources */ = {isa = PBXBuildFile; fileRef = AA8CCBEB295C1E010056CAC1 /* RMCharacterGender.swift */; };
		AA8D58A5297083AE008D1DE9 /* RMGetAllCharactersResponse.swift in Sources */ = {isa = PBXBuildFile; fileRef = AA8D58A4297083AE008D1DE9 /* RMGetAllCharactersResponse.swift */; };
		AA8D58A72971C9FE008D1DE9 /* CharacterListViewViewModel.swift in Sources */ = {isa = PBXBuildFile; fileRef = AA8D58A62971C9FE008D1DE9 /* CharacterListViewViewModel.swift */; };
		AA8D58AE2971E532008D1DE9 /* Extensions.swift in Sources */ = {isa = PBXBuildFile; fileRef = AA8D58AD2971E532008D1DE9 /* Extensions.swift */; };
		AAE7962F2975A67300A03C67 /* CharacterListView.swift in Sources */ = {isa = PBXBuildFile; fileRef = AAE7962E2975A67300A03C67 /* CharacterListView.swift */; };
/* End PBXBuildFile section */

/* Begin PBXFileReference section */
		AA07FABE29598806008278DE /* RickAndMorty.app */ = {isa = PBXFileReference; explicitFileType = wrapper.application; includeInIndex = 0; path = RickAndMorty.app; sourceTree = BUILT_PRODUCTS_DIR; };
		AA07FAC129598806008278DE /* AppDelegate.swift */ = {isa = PBXFileReference; lastKnownFileType = sourcecode.swift; path = AppDelegate.swift; sourceTree = "<group>"; };
		AA07FAC329598806008278DE /* SceneDelegate.swift */ = {isa = PBXFileReference; lastKnownFileType = sourcecode.swift; path = SceneDelegate.swift; sourceTree = "<group>"; };
		AA07FAC529598806008278DE /* RMTabBarController.swift */ = {isa = PBXFileReference; lastKnownFileType = sourcecode.swift; path = RMTabBarController.swift; sourceTree = "<group>"; };
		AA07FACB29598806008278DE /* RickAndMorty.xcdatamodel */ = {isa = PBXFileReference; lastKnownFileType = wrapper.xcdatamodel; path = RickAndMorty.xcdatamodel; sourceTree = "<group>"; };
		AA07FACD29598808008278DE /* Assets.xcassets */ = {isa = PBXFileReference; lastKnownFileType = folder.assetcatalog; path = Assets.xcassets; sourceTree = "<group>"; };
		AA07FAD029598808008278DE /* Base */ = {isa = PBXFileReference; lastKnownFileType = file.storyboard; name = Base; path = Base.lproj/LaunchScreen.storyboard; sourceTree = "<group>"; };
		AA07FAD229598808008278DE /* Info.plist */ = {isa = PBXFileReference; lastKnownFileType = text.plist.xml; path = Info.plist; sourceTree = "<group>"; };
		AA07FADF2959A188008278DE /* RMLocation.swift */ = {isa = PBXFileReference; lastKnownFileType = sourcecode.swift; path = RMLocation.swift; sourceTree = "<group>"; };
		AA07FAE12959A1B0008278DE /* RMEpisode.swift */ = {isa = PBXFileReference; lastKnownFileType = sourcecode.swift; path = RMEpisode.swift; sourceTree = "<group>"; };
		AA07FAE32959A1C9008278DE /* RMCharacter.swift */ = {isa = PBXFileReference; lastKnownFileType = sourcecode.swift; path = RMCharacter.swift; sourceTree = "<group>"; };
		AA07FAE52959A2B3008278DE /* RMCharacterViewController.swift */ = {isa = PBXFileReference; lastKnownFileType = sourcecode.swift; path = RMCharacterViewController.swift; sourceTree = "<group>"; };
		AA07FAE72959A2E8008278DE /* RMLocationViewController.swift */ = {isa = PBXFileReference; lastKnownFileType = sourcecode.swift; path = RMLocationViewController.swift; sourceTree = "<group>"; };
		AA07FAE92959A2F9008278DE /* RMEpisodeViewController.swift */ = {isa = PBXFileReference; lastKnownFileType = sourcecode.swift; path = RMEpisodeViewController.swift; sourceTree = "<group>"; };
		AA07FAEB2959A317008278DE /* RMSettingsViewController.swift */ = {isa = PBXFileReference; lastKnownFileType = sourcecode.swift; path = RMSettingsViewController.swift; sourceTree = "<group>"; };
		AA07FAED295A21DB008278DE /* RMService.swift */ = {isa = PBXFileReference; lastKnownFileType = sourcecode.swift; path = RMService.swift; sourceTree = "<group>"; };
		AA07FAEF295A2203008278DE /* RMRequest.swift */ = {isa = PBXFileReference; lastKnownFileType = sourcecode.swift; path = RMRequest.swift; sourceTree = "<group>"; };
		AA07FAF1295A2358008278DE /* RMEndpoint.swift */ = {isa = PBXFileReference; lastKnownFileType = sourcecode.swift; path = RMEndpoint.swift; sourceTree = "<group>"; };
		AA8CCBE5295C12C40056CAC1 /* RMOrigin.swift */ = {isa = PBXFileReference; lastKnownFileType = sourcecode.swift; path = RMOrigin.swift; sourceTree = "<group>"; };
		AA8CCBE7295C143C0056CAC1 /* RMSingleLocation.swift */ = {isa = PBXFileReference; lastKnownFileType = sourcecode.swift; path = RMSingleLocation.swift; sourceTree = "<group>"; };
		AA8CCBE9295C16A10056CAC1 /* RMCharacterStatus.swift */ = {isa = PBXFileReference; lastKnownFileType = sourcecode.swift; path = RMCharacterStatus.swift; sourceTree = "<group>"; };
		AA8CCBEB295C1E010056CAC1 /* RMCharacterGender.swift */ = {isa = PBXFileReference; lastKnownFileType = sourcecode.swift; path = RMCharacterGender.swift; sourceTree = "<group>"; };
		AA8D58A4297083AE008D1DE9 /* RMGetAllCharactersResponse.swift */ = {isa = PBXFileReference; lastKnownFileType = sourcecode.swift; path = RMGetAllCharactersResponse.swift; sourceTree = "<group>"; };
		AA8D58A62971C9FE008D1DE9 /* CharacterListViewViewModel.swift */ = {isa = PBXFileReference; lastKnownFileType = sourcecode.swift; path = CharacterListViewViewModel.swift; sourceTree = "<group>"; };
		AA8D58AD2971E532008D1DE9 /* Extensions.swift */ = {isa = PBXFileReference; lastKnownFileType = sourcecode.swift; path = Extensions.swift; sourceTree = "<group>"; };
		AAE7962E2975A67300A03C67 /* CharacterListView.swift */ = {isa = PBXFileReference; lastKnownFileType = sourcecode.swift; path = CharacterListView.swift; sourceTree = "<group>"; };
/* End PBXFileReference section */

/* Begin PBXFrameworksBuildPhase section */
		AA07FABB29598806008278DE /* Frameworks */ = {
			isa = PBXFrameworksBuildPhase;
			buildActionMask = 2147483647;
			files = (
			);
			runOnlyForDeploymentPostprocessing = 0;
		};
/* End PBXFrameworksBuildPhase section */

/* Begin PBXGroup section */
		AA07FAB529598806008278DE = {
			isa = PBXGroup;
			children = (
				AA07FAC029598806008278DE /* RickAndMorty */,
				AA07FABF29598806008278DE /* Products */,
			);
			sourceTree = "<group>";
		};
		AA07FABF29598806008278DE /* Products */ = {
			isa = PBXGroup;
			children = (
				AA07FABE29598806008278DE /* RickAndMorty.app */,
			);
			name = Products;
			sourceTree = "<group>";
		};
		AA07FAC029598806008278DE /* RickAndMorty */ = {
			isa = PBXGroup;
			children = (
				AA07FADE29599E5E008278DE /* Resources */,
				AA07FADD29599E13008278DE /* Managers */,
				AA07FADC29599DE5008278DE /* APIClients */,
				AA07FADB2959907E008278DE /* ViewModels */,
				AA07FADA29599071008278DE /* Models */,
				AA07FAD929599063008278DE /* Views */,
				AA07FAD82959904E008278DE /* Controllers */,
				AA07FAD229598808008278DE /* Info.plist */,
				AA07FACA29598806008278DE /* RickAndMorty.xcdatamodeld */,
			);
			path = RickAndMorty;
			sourceTree = "<group>";
		};
		AA07FAD82959904E008278DE /* Controllers */ = {
			isa = PBXGroup;
			children = (
				AA8D58AC2971E348008D1DE9 /* Core */,
			);
			path = Controllers;
			sourceTree = "<group>";
		};
		AA07FAD929599063008278DE /* Views */ = {
			isa = PBXGroup;
			children = (
				AAE7962E2975A67300A03C67 /* CharacterListView.swift */,
			);
			path = Views;
			sourceTree = "<group>";
		};
		AA07FADA29599071008278DE /* Models */ = {
			isa = PBXGroup;
			children = (
				AA8D58A329708315008D1DE9 /* APIResponseTypes */,
				AA8D58A2297082A7008D1DE9 /* DataTypes */,
			);
			path = Models;
			sourceTree = "<group>";
		};
		AA07FADB2959907E008278DE /* ViewModels */ = {
			isa = PBXGroup;
			children = (
				AA8D58A62971C9FE008D1DE9 /* CharacterListViewViewModel.swift */,
			);
			path = ViewModels;
			sourceTree = "<group>";
		};
		AA07FADC29599DE5008278DE /* APIClients */ = {
			isa = PBXGroup;
			children = (
				AA07FAED295A21DB008278DE /* RMService.swift */,
				AA07FAEF295A2203008278DE /* RMRequest.swift */,
				AA07FAF1295A2358008278DE /* RMEndpoint.swift */,
			);
			path = APIClients;
			sourceTree = "<group>";
		};
		AA07FADD29599E13008278DE /* Managers */ = {
			isa = PBXGroup;
			children = (
			);
			path = Managers;
			sourceTree = "<group>";
		};
		AA07FADE29599E5E008278DE /* Resources */ = {
			isa = PBXGroup;
			children = (
				AA07FAC129598806008278DE /* AppDelegate.swift */,
				AA07FAC329598806008278DE /* SceneDelegate.swift */,
				AA07FACD29598808008278DE /* Assets.xcassets */,
				AA07FACF29598808008278DE /* LaunchScreen.storyboard */,
				AA8D58AD2971E532008D1DE9 /* Extensions.swift */,
			);
			path = Resources;
			sourceTree = "<group>";
		};
		AA8D58A2297082A7008D1DE9 /* DataTypes */ = {
			isa = PBXGroup;
			children = (
				AA07FADF2959A188008278DE /* RMLocation.swift */,
				AA07FAE12959A1B0008278DE /* RMEpisode.swift */,
				AA07FAE32959A1C9008278DE /* RMCharacter.swift */,
				AA8CCBE5295C12C40056CAC1 /* RMOrigin.swift */,
				AA8CCBE7295C143C0056CAC1 /* RMSingleLocation.swift */,
				AA8CCBE9295C16A10056CAC1 /* RMCharacterStatus.swift */,
				AA8CCBEB295C1E010056CAC1 /* RMCharacterGender.swift */,
			);
			path = DataTypes;
			sourceTree = "<group>";
		};
		AA8D58A329708315008D1DE9 /* APIResponseTypes */ = {
			isa = PBXGroup;
			children = (
				AA8D58A4297083AE008D1DE9 /* RMGetAllCharactersResponse.swift */,
			);
			name = APIResponseTypes;
			sourceTree = "<group>";
		};
		AA8D58AC2971E348008D1DE9 /* Core */ = {
			isa = PBXGroup;
			children = (
				AA07FAE52959A2B3008278DE /* RMCharacterViewController.swift */,
				AA07FAC529598806008278DE /* RMTabBarController.swift */,
				AA07FAE72959A2E8008278DE /* RMLocationViewController.swift */,
				AA07FAE92959A2F9008278DE /* RMEpisodeViewController.swift */,
				AA07FAEB2959A317008278DE /* RMSettingsViewController.swift */,
			);
			path = Core;
			sourceTree = "<group>";
		};
/* End PBXGroup section */

/* Begin PBXNativeTarget section */
		AA07FABD29598806008278DE /* RickAndMorty */ = {
			isa = PBXNativeTarget;
			buildConfigurationList = AA07FAD529598808008278DE /* Build configuration list for PBXNativeTarget "RickAndMorty" */;
			buildPhases = (
				AA07FABA29598806008278DE /* Sources */,
				AA07FABB29598806008278DE /* Frameworks */,
				AA07FABC29598806008278DE /* Resources */,
			);
			buildRules = (
			);
			dependencies = (
			);
			name = RickAndMorty;
			productName = RickAndMorty;
			productReference = AA07FABE29598806008278DE /* RickAndMorty.app */;
			productType = "com.apple.product-type.application";
		};
/* End PBXNativeTarget section */

/* Begin PBXProject section */
		AA07FAB629598806008278DE /* Project object */ = {
			isa = PBXProject;
			attributes = {
				BuildIndependentTargetsInParallel = 1;
				LastSwiftUpdateCheck = 1410;
				LastUpgradeCheck = 1410;
				TargetAttributes = {
					AA07FABD29598806008278DE = {
						CreatedOnToolsVersion = 14.1;
					};
				};
			};
			buildConfigurationList = AA07FAB929598806008278DE /* Build configuration list for PBXProject "RickAndMorty" */;
			compatibilityVersion = "Xcode 14.0";
			developmentRegion = en;
			hasScannedForEncodings = 0;
			knownRegions = (
				en,
				Base,
			);
			mainGroup = AA07FAB529598806008278DE;
			productRefGroup = AA07FABF29598806008278DE /* Products */;
			projectDirPath = "";
			projectRoot = "";
			targets = (
				AA07FABD29598806008278DE /* RickAndMorty */,
			);
		};
/* End PBXProject section */

/* Begin PBXResourcesBuildPhase section */
		AA07FABC29598806008278DE /* Resources */ = {
			isa = PBXResourcesBuildPhase;
			buildActionMask = 2147483647;
			files = (
				AA07FAD129598808008278DE /* LaunchScreen.storyboard in Resources */,
				AA07FACE29598808008278DE /* Assets.xcassets in Resources */,
			);
			runOnlyForDeploymentPostprocessing = 0;
		};
/* End PBXResourcesBuildPhase section */

/* Begin PBXSourcesBuildPhase section */
		AA07FABA29598806008278DE /* Sources */ = {
			isa = PBXSourcesBuildPhase;
			buildActionMask = 2147483647;
			files = (
				AAE7962F2975A67300A03C67 /* CharacterListView.swift in Sources */,
				AA07FAE82959A2E8008278DE /* RMLocationViewController.swift in Sources */,
				AA07FACC29598806008278DE /* RickAndMorty.xcdatamodeld in Sources */,
				AA07FAEE295A21DB008278DE /* RMService.swift in Sources */,
				AA07FAC629598806008278DE /* RMTabBarController.swift in Sources */,
				AA07FAEA2959A2F9008278DE /* RMEpisodeViewController.swift in Sources */,
				AA07FAF2295A2358008278DE /* RMEndpoint.swift in Sources */,
				AA07FAE42959A1C9008278DE /* RMCharacter.swift in Sources */,
				AA07FAF0295A2203008278DE /* RMRequest.swift in Sources */,
				AA07FAEC2959A317008278DE /* RMSettingsViewController.swift in Sources */,
				AA8D58AE2971E532008D1DE9 /* Extensions.swift in Sources */,
				AA8CCBEA295C16A10056CAC1 /* RMCharacterStatus.swift in Sources */,
				AA07FAE22959A1B0008278DE /* RMEpisode.swift in Sources */,
				AA8CCBEC295C1E010056CAC1 /* RMCharacterGender.swift in Sources */,
				AA07FAE02959A188008278DE /* RMLocation.swift in Sources */,
				AA8CCBE8295C143C0056CAC1 /* RMSingleLocation.swift in Sources */,
				AA07FAE62959A2B3008278DE /* RMCharacterViewController.swift in Sources */,
				AA07FAC229598806008278DE /* AppDelegate.swift in Sources */,
				AA8CCBE6295C12C40056CAC1 /* RMOrigin.swift in Sources */,
				AA8D58A5297083AE008D1DE9 /* RMGetAllCharactersResponse.swift in Sources */,
				AA8D58A72971C9FE008D1DE9 /* CharacterListViewViewModel.swift in Sources */,
				AA07FAC429598806008278DE /* SceneDelegate.swift in Sources */,
			);
			runOnlyForDeploymentPostprocessing = 0;
		};
/* End PBXSourcesBuildPhase section */

/* Begin PBXVariantGroup section */
		AA07FACF29598808008278DE /* LaunchScreen.storyboard */ = {
			isa = PBXVariantGroup;
			children = (
				AA07FAD029598808008278DE /* Base */,
			);
			name = LaunchScreen.storyboard;
			sourceTree = "<group>";
		};
/* End PBXVariantGroup section */

/* Begin XCBuildConfiguration section */
		AA07FAD329598808008278DE /* Debug */ = {
			isa = XCBuildConfiguration;
			buildSettings = {
				ALWAYS_SEARCH_USER_PATHS = NO;
				CLANG_ANALYZER_NONNULL = YES;
				CLANG_ANALYZER_NUMBER_OBJECT_CONVERSION = YES_AGGRESSIVE;
				CLANG_CXX_LANGUAGE_STANDARD = "gnu++20";
				CLANG_ENABLE_MODULES = YES;
				CLANG_ENABLE_OBJC_ARC = YES;
				CLANG_ENABLE_OBJC_WEAK = YES;
				CLANG_WARN_BLOCK_CAPTURE_AUTORELEASING = YES;
				CLANG_WARN_BOOL_CONVERSION = YES;
				CLANG_WARN_COMMA = YES;
				CLANG_WARN_CONSTANT_CONVERSION = YES;
				CLANG_WARN_DEPRECATED_OBJC_IMPLEMENTATIONS = YES;
				CLANG_WARN_DIRECT_OBJC_ISA_USAGE = YES_ERROR;
				CLANG_WARN_DOCUMENTATION_COMMENTS = YES;
				CLANG_WARN_EMPTY_BODY = YES;
				CLANG_WARN_ENUM_CONVERSION = YES;
				CLANG_WARN_INFINITE_RECURSION = YES;
				CLANG_WARN_INT_CONVERSION = YES;
				CLANG_WARN_NON_LITERAL_NULL_CONVERSION = YES;
				CLANG_WARN_OBJC_IMPLICIT_RETAIN_SELF = YES;
				CLANG_WARN_OBJC_LITERAL_CONVERSION = YES;
				CLANG_WARN_OBJC_ROOT_CLASS = YES_ERROR;
				CLANG_WARN_QUOTED_INCLUDE_IN_FRAMEWORK_HEADER = YES;
				CLANG_WARN_RANGE_LOOP_ANALYSIS = YES;
				CLANG_WARN_STRICT_PROTOTYPES = YES;
				CLANG_WARN_SUSPICIOUS_MOVE = YES;
				CLANG_WARN_UNGUARDED_AVAILABILITY = YES_AGGRESSIVE;
				CLANG_WARN_UNREACHABLE_CODE = YES;
				CLANG_WARN__DUPLICATE_METHOD_MATCH = YES;
				COPY_PHASE_STRIP = NO;
				DEBUG_INFORMATION_FORMAT = dwarf;
				ENABLE_STRICT_OBJC_MSGSEND = YES;
				ENABLE_TESTABILITY = YES;
				GCC_C_LANGUAGE_STANDARD = gnu11;
				GCC_DYNAMIC_NO_PIC = NO;
				GCC_NO_COMMON_BLOCKS = YES;
				GCC_OPTIMIZATION_LEVEL = 0;
				GCC_PREPROCESSOR_DEFINITIONS = (
					"DEBUG=1",
					"$(inherited)",
				);
				GCC_WARN_64_TO_32_BIT_CONVERSION = YES;
				GCC_WARN_ABOUT_RETURN_TYPE = YES_ERROR;
				GCC_WARN_UNDECLARED_SELECTOR = YES;
				GCC_WARN_UNINITIALIZED_AUTOS = YES_AGGRESSIVE;
				GCC_WARN_UNUSED_FUNCTION = YES;
				GCC_WARN_UNUSED_VARIABLE = YES;
				IPHONEOS_DEPLOYMENT_TARGET = 16.1;
				MTL_ENABLE_DEBUG_INFO = INCLUDE_SOURCE;
				MTL_FAST_MATH = YES;
				ONLY_ACTIVE_ARCH = YES;
				SDKROOT = iphoneos;
				SWIFT_ACTIVE_COMPILATION_CONDITIONS = DEBUG;
				SWIFT_OPTIMIZATION_LEVEL = "-Onone";
			};
			name = Debug;
		};
		AA07FAD429598808008278DE /* Release */ = {
			isa = XCBuildConfiguration;
			buildSettings = {
				ALWAYS_SEARCH_USER_PATHS = NO;
				CLANG_ANALYZER_NONNULL = YES;
				CLANG_ANALYZER_NUMBER_OBJECT_CONVERSION = YES_AGGRESSIVE;
				CLANG_CXX_LANGUAGE_STANDARD = "gnu++20";
				CLANG_ENABLE_MODULES = YES;
				CLANG_ENABLE_OBJC_ARC = YES;
				CLANG_ENABLE_OBJC_WEAK = YES;
				CLANG_WARN_BLOCK_CAPTURE_AUTORELEASING = YES;
				CLANG_WARN_BOOL_CONVERSION = YES;
				CLANG_WARN_COMMA = YES;
				CLANG_WARN_CONSTANT_CONVERSION = YES;
				CLANG_WARN_DEPRECATED_OBJC_IMPLEMENTATIONS = YES;
				CLANG_WARN_DIRECT_OBJC_ISA_USAGE = YES_ERROR;
				CLANG_WARN_DOCUMENTATION_COMMENTS = YES;
				CLANG_WARN_EMPTY_BODY = YES;
				CLANG_WARN_ENUM_CONVERSION = YES;
				CLANG_WARN_INFINITE_RECURSION = YES;
				CLANG_WARN_INT_CONVERSION = YES;
				CLANG_WARN_NON_LITERAL_NULL_CONVERSION = YES;
				CLANG_WARN_OBJC_IMPLICIT_RETAIN_SELF = YES;
				CLANG_WARN_OBJC_LITERAL_CONVERSION = YES;
				CLANG_WARN_OBJC_ROOT_CLASS = YES_ERROR;
				CLANG_WARN_QUOTED_INCLUDE_IN_FRAMEWORK_HEADER = YES;
				CLANG_WARN_RANGE_LOOP_ANALYSIS = YES;
				CLANG_WARN_STRICT_PROTOTYPES = YES;
				CLANG_WARN_SUSPICIOUS_MOVE = YES;
				CLANG_WARN_UNGUARDED_AVAILABILITY = YES_AGGRESSIVE;
				CLANG_WARN_UNREACHABLE_CODE = YES;
				CLANG_WARN__DUPLICATE_METHOD_MATCH = YES;
				COPY_PHASE_STRIP = NO;
				DEBUG_INFORMATION_FORMAT = "dwarf-with-dsym";
				ENABLE_NS_ASSERTIONS = NO;
				ENABLE_STRICT_OBJC_MSGSEND = YES;
				GCC_C_LANGUAGE_STANDARD = gnu11;
				GCC_NO_COMMON_BLOCKS = YES;
				GCC_WARN_64_TO_32_BIT_CONVERSION = YES;
				GCC_WARN_ABOUT_RETURN_TYPE = YES_ERROR;
				GCC_WARN_UNDECLARED_SELECTOR = YES;
				GCC_WARN_UNINITIALIZED_AUTOS = YES_AGGRESSIVE;
				GCC_WARN_UNUSED_FUNCTION = YES;
				GCC_WARN_UNUSED_VARIABLE = YES;
				IPHONEOS_DEPLOYMENT_TARGET = 16.1;
				MTL_ENABLE_DEBUG_INFO = NO;
				MTL_FAST_MATH = YES;
				SDKROOT = iphoneos;
				SWIFT_COMPILATION_MODE = wholemodule;
				SWIFT_OPTIMIZATION_LEVEL = "-O";
				VALIDATE_PRODUCT = YES;
			};
			name = Release;
		};
		AA07FAD629598808008278DE /* Debug */ = {
			isa = XCBuildConfiguration;
			buildSettings = {
				ASSETCATALOG_COMPILER_APPICON_NAME = AppIcon;
				ASSETCATALOG_COMPILER_GLOBAL_ACCENT_COLOR_NAME = AccentColor;
				CODE_SIGN_STYLE = Automatic;
				CURRENT_PROJECT_VERSION = 1;
				DEVELOPMENT_TEAM = Y4YFP4K6JC;
				GENERATE_INFOPLIST_FILE = YES;
				INFOPLIST_FILE = RickAndMorty/Info.plist;
				INFOPLIST_KEY_UIApplicationSupportsIndirectInputEvents = YES;
				INFOPLIST_KEY_UILaunchStoryboardName = LaunchScreen;
				INFOPLIST_KEY_UISupportedInterfaceOrientations_iPad = "UIInterfaceOrientationPortrait UIInterfaceOrientationPortraitUpsideDown UIInterfaceOrientationLandscapeLeft UIInterfaceOrientationLandscapeRight";
				INFOPLIST_KEY_UISupportedInterfaceOrientations_iPhone = "UIInterfaceOrientationPortrait UIInterfaceOrientationLandscapeLeft UIInterfaceOrientationLandscapeRight";
				LD_RUNPATH_SEARCH_PATHS = (
					"$(inherited)",
					"@executable_path/Frameworks",
				);
				MARKETING_VERSION = 1.0;
				PRODUCT_BUNDLE_IDENTIFIER = com.shagun.RickAndMorty;
				PRODUCT_NAME = "$(TARGET_NAME)";
				SWIFT_EMIT_LOC_STRINGS = YES;
				SWIFT_VERSION = 5.0;
				TARGETED_DEVICE_FAMILY = "1,2";
			};
			name = Debug;
		};
		AA07FAD729598808008278DE /* Release */ = {
			isa = XCBuildConfiguration;
			buildSettings = {
				ASSETCATALOG_COMPILER_APPICON_NAME = AppIcon;
				ASSETCATALOG_COMPILER_GLOBAL_ACCENT_COLOR_NAME = AccentColor;
				CODE_SIGN_STYLE = Automatic;
				CURRENT_PROJECT_VERSION = 1;
				DEVELOPMENT_TEAM = Y4YFP4K6JC;
				GENERATE_INFOPLIST_FILE = YES;
				INFOPLIST_FILE = RickAndMorty/Info.plist;
				INFOPLIST_KEY_UIApplicationSupportsIndirectInputEvents = YES;
				INFOPLIST_KEY_UILaunchStoryboardName = LaunchScreen;
				INFOPLIST_KEY_UISupportedInterfaceOrientations_iPad = "UIInterfaceOrientationPortrait UIInterfaceOrientationPortraitUpsideDown UIInterfaceOrientationLandscapeLeft UIInterfaceOrientationLandscapeRight";
				INFOPLIST_KEY_UISupportedInterfaceOrientations_iPhone = "UIInterfaceOrientationPortrait UIInterfaceOrientationLandscapeLeft UIInterfaceOrientationLandscapeRight";
				LD_RUNPATH_SEARCH_PATHS = (
					"$(inherited)",
					"@executable_path/Frameworks",
				);
				MARKETING_VERSION = 1.0;
				PRODUCT_BUNDLE_IDENTIFIER = com.shagun.RickAndMorty;
				PRODUCT_NAME = "$(TARGET_NAME)";
				SWIFT_EMIT_LOC_STRINGS = YES;
				SWIFT_VERSION = 5.0;
				TARGETED_DEVICE_FAMILY = "1,2";
			};
			name = Release;
		};
/* End XCBuildConfiguration section */

/* Begin XCConfigurationList section */
		AA07FAB929598806008278DE /* Build configuration list for PBXProject "RickAndMorty" */ = {
			isa = XCConfigurationList;
			buildConfigurations = (
				AA07FAD329598808008278DE /* Debug */,
				AA07FAD429598808008278DE /* Release */,
			);
			defaultConfigurationIsVisible = 0;
			defaultConfigurationName = Release;
		};
		AA07FAD529598808008278DE /* Build configuration list for PBXNativeTarget "RickAndMorty" */ = {
			isa = XCConfigurationList;
			buildConfigurations = (
				AA07FAD629598808008278DE /* Debug */,
				AA07FAD729598808008278DE /* Release */,
			);
			defaultConfigurationIsVisible = 0;
			defaultConfigurationName = Release;
		};
/* End XCConfigurationList section */

/* Begin XCVersionGroup section */
		AA07FACA29598806008278DE /* RickAndMorty.xcdatamodeld */ = {
			isa = XCVersionGroup;
			children = (
				AA07FACB29598806008278DE /* RickAndMorty.xcdatamodel */,
			);
			currentVersion = AA07FACB29598806008278DE /* RickAndMorty.xcdatamodel */;
			path = RickAndMorty.xcdatamodeld;
			sourceTree = "<group>";
			versionGroupType = wrapper.xcdatamodel;
		};
/* End XCVersionGroup section */
	};
	rootObject = AA07FAB629598806008278DE /* Project object */;
}
